PODS:
  - Saiha (0.1.20):
    - Saiha/Resources (= 0.1.20)
    - Saiha/SHAlertView (= 0.1.20)
    - Saiha/SHCommon (= 0.1.20)
    - Saiha/SHContentSheet (= 0.1.20)
    - Saiha/SHFoundation (= 0.1.20)
    - Saiha/SHUIKit (= 0.1.20)
    - Saiha/SHView (= 0.1.20)
  - Saiha/Resources (0.1.20)
  - Saiha/SHAlertView (0.1.20):
    - Saiha/SHCommon
    - Saiha/SHFoundation
    - Saiha/SHUIKit
    - SnapKit
  - Saiha/SHCommon (0.1.20):
    - Saiha/SHFoundation
  - Saiha/SHContentSheet (0.1.20):
    - Saiha/SHCommon
    - Saiha/SHFoundation
    - Saiha/SHUIKit
    - SnapKit
  - Saiha/SHFoundation (0.1.20)
  - Saiha/SHUIKit (0.1.20):
    - Saiha/SHCommon
    - Saiha/SHFoundation
    - SDWebImage
    - SnapKit
  - Saiha/SHView (0.1.20):
    - Saiha/SHCommon
    - Saiha/SHFoundation
    - Saiha/SHUIKit
    - SDWebImage
    - SnapKit
  - SDWebImage (5.12.6):
    - SDWebImage/Core (= 5.12.6)
  - SDWebImage/Core (5.12.6)
  - SnapKit (5.0.1)

DEPENDENCIES:
  - Saiha (from `../`)
  - SDWebImage

SPEC REPOS:
  trunk:
    - SDWebImage
    - SnapKit

EXTERNAL SOURCES:
  Saiha:
    :path: "../"

SPEC CHECKSUMS:
  Saiha: d137061a29c8814f2bb743fa61759083826f1e25
  SDWebImage: a47aea9e3d8816015db4e523daff50cfd294499d
  SnapKit: 97b92857e3df3a0c71833cce143274bf6ef8e5eb

PODFILE CHECKSUM: 4cd9c4a9e8ac81b1dbff38349fd050f4e3c1a9b3

COCOAPODS: 1.10.2
