PODS:
  - Saiha (0.1.23):
    - Saiha/Resources (= 0.1.23)
    - Saiha/SHAlertView (= 0.1.23)
    - Saiha/SHCalendarView (= 0.1.23)
    - Saiha/SHCommon (= 0.1.23)
    - Saiha/SHContentSheet (= 0.1.23)
    - Saiha/SHFoundation (= 0.1.23)
    - Saiha/SHUIKit (= 0.1.23)
    - Saiha/SHView (= 0.1.23)
  - Saiha/Resources (0.1.23)
  - Saiha/SHAlertView (0.1.23):
    - Saiha/SHCommon
    - Saiha/SHFoundation
    - Saiha/SHUIKit
    - SnapKit
  - Saiha/SHCalendarView (0.1.23):
    - Saiha/SHFoundation
  - Saiha/SHCommon (0.1.23):
    - Saiha/SHFoundation
  - Saiha/SHContentSheet (0.1.23):
    - Saiha/SHCommon
    - Saiha/SHFoundation
    - Saiha/SHUIKit
    - SnapKit
  - Saiha/SHFoundation (0.1.23)
  - Saiha/SHUIKit (0.1.23):
    - Saiha/SHCommon
    - Saiha/SHFoundation
    - SDWebImage
    - SnapKit
  - Saiha/SHView (0.1.23):
    - Saiha/SHCommon
    - Saiha/SHFoundation
    - Saiha/SHUIKit
    - SDWebImage
    - SnapKit
  - SDWebImage (5.12.6):
    - SDWebImage/Core (= 5.12.6)
  - SDWebImage/Core (5.12.6)
  - SnapKit (5.0.1)

DEPENDENCIES:
  - Saiha (from `../`)
  - SDWebImage
  - SnapKit

SPEC REPOS:
  trunk:
    - SDWebImage
    - SnapKit

EXTERNAL SOURCES:
  Saiha:
    :path: "../"

SPEC CHECKSUMS:
  Saiha: 0d873b309ac259ad8d7076e06695c25c0e574f7c
  SDWebImage: a47aea9e3d8816015db4e523daff50cfd294499d
  SnapKit: 97b92857e3df3a0c71833cce143274bf6ef8e5eb

PODFILE CHECKSUM: 466b5e39f9a162dd97a745f0b1b6a223605e55b6

COCOAPODS: 1.10.2
