PODS:
  - Saiha (0.1.21):
    - Saiha/Resources (= 0.1.21)
    - Saiha/SHAlertView (= 0.1.21)
    - Saiha/SHCommon (= 0.1.21)
    - Saiha/SHContentSheet (= 0.1.21)
    - Saiha/SHFoundation (= 0.1.21)
    - Saiha/SHUIKit (= 0.1.21)
    - Saiha/SHView (= 0.1.21)
  - Saiha/Resources (0.1.21)
  - Saiha/SHAlertView (0.1.21):
    - Saiha/SHCommon
    - Saiha/SHFoundation
    - Saiha/SHUIKit
    - SnapKit
  - Saiha/SHCommon (0.1.21):
    - Saiha/SHFoundation
  - Saiha/SHContentSheet (0.1.21):
    - Saiha/SHCommon
    - Saiha/SHFoundation
    - Saiha/SHUIKit
    - SnapKit
  - Saiha/SHFoundation (0.1.21)
  - Saiha/SHUIKit (0.1.21):
    - Saiha/SHCommon
    - Saiha/SHFoundation
    - SDWebImage
    - SnapKit
  - Saiha/SHView (0.1.21):
    - Saiha/SHCommon
    - Saiha/SHFoundation
    - Saiha/SHUIKit
    - SDWebImage
    - SnapKit
  - SDWebImage (5.12.6):
    - SDWebImage/Core (= 5.12.6)
  - SDWebImage/Core (5.12.6)
  - SnapKit (5.0.1)

DEPENDENCIES:
  - Saiha (from `../`)
  - SDWebImage
  - SnapKit

SPEC REPOS:
  trunk:
    - SDWebImage
    - SnapKit

EXTERNAL SOURCES:
  Saiha:
    :path: "../"

SPEC CHECKSUMS:
  Saiha: b67334ebcb8c453179cad5102f7f2a8bc604e415
  SDWebImage: a47aea9e3d8816015db4e523daff50cfd294499d
  SnapKit: 97b92857e3df3a0c71833cce143274bf6ef8e5eb

PODFILE CHECKSUM: 01dab7cc812a73e17cfed431ada573aa5c406997

COCOAPODS: 1.10.2
